
Microsoft Visual Studio Solution File, Format Version 12.00
# Visual Studio Version 16
VisualStudioVersion = 16.0.31702.278
MinimumVisualStudioVersion = 10.0.40219.1
Project("{FAE04EC0-301F-11D3-BF4B-00C04F79EFBC}") = "biletIslemleri", "biletIslemleri\biletIslemleri.csproj", "{E4CD1E06-CA21-4CE1-BDC7-7FA999991BD4}"
EndProject
Global
	GlobalSection(SolutionConfigurationPlatforms) = preSolution
		Debug|Any CPU = Debug|Any CPU
		Release|Any CPU = Release|Any CPU
	EndGlobalSection
	GlobalSection(ProjectConfigurationPlatforms) = postSolution
		{E4CD1E06-CA21-4CE1-BDC7-7FA999991BD4}.Debug|Any CPU.ActiveCfg = Debug|Any CPU
		{E4CD1E06-CA21-4CE1-BDC7-7FA999991BD4}.Debug|Any CPU.Build.0 = Debug|Any CPU
		{E4CD1E06-CA21-4CE1-BDC7-7FA999991BD4}.Release|Any CPU.ActiveCfg = Release|Any CPU
		{E4CD1E06-CA21-4CE1-BDC7-7FA999991BD4}.Release|Any CPU.Build.0 = Release|Any CPU
	EndGlobalSection
	GlobalSection(SolutionProperties) = preSolution
		HideSolutionNode = FALSE
	EndGlobalSection
	GlobalSection(ExtensibilityGlobals) = postSolution
		SolutionGuid = {19C1A229-A958-4B83-B699-BE5B99A836A6}
	EndGlobalSection
EndGlobal
